
Microsoft Visual Studio Solution File, Format Version 12.00
# Visual Studio 15
VisualStudioVersion = 15.0.28307.1145
MinimumVisualStudioVersion = 10.0.40219.1
Project("{8BC9CEB8-8B4A-11D0-8D11-00A0C91BC942}") = "Question2", "Question2\Question2.vcxproj", "{24FC6EE7-E04C-4807-8BCF-C301367370EB}"
EndProject
Global
	GlobalSection(SolutionConfigurationPlatforms) = preSolution
		Debug|x64 = Debug|x64
		Debug|x86 = Debug|x86
		Release|x64 = Release|x64
		Release|x86 = Release|x86
	EndGlobalSection
	GlobalSection(ProjectConfigurationPlatforms) = postSolution
		{24FC6EE7-E04C-4807-8BCF-C301367370EB}.Debug|x64.ActiveCfg = Debug|x64
		{24FC6EE7-E04C-4807-8BCF-C301367370EB}.Debug|x64.Build.0 = Debug|x64
		{24FC6EE7-E04C-4807-8BCF-C301367370EB}.Debug|x86.ActiveCfg = Debug|Win32
		{24FC6EE7-E04C-4807-8BCF-C301367370EB}.Debug|x86.Build.0 = Debug|Win32
		{24FC6EE7-E04C-4807-8BCF-C301367370EB}.Release|x64.ActiveCfg = Release|x64
		{24FC6EE7-E04C-4807-8BCF-C301367370EB}.Release|x64.Build.0 = Release|x64
		{24FC6EE7-E04C-4807-8BCF-C301367370EB}.Release|x86.ActiveCfg = Release|Win32
		{24FC6EE7-E04C-4807-8BCF-C301367370EB}.Release|x86.Build.0 = Release|Win32
	EndGlobalSection
	GlobalSection(SolutionProperties) = preSolution
		HideSolutionNode = FALSE
	EndGlobalSection
	GlobalSection(ExtensibilityGlobals) = postSolution
		SolutionGuid = {99E1B2DB-A889-44CF-A9F0-57DD29105A01}
	EndGlobalSection
EndGlobal
