
Microsoft Visual Studio Solution File, Format Version 12.00
# Visual Studio 15
VisualStudioVersion = 15.0.28307.1145
MinimumVisualStudioVersion = 10.0.40219.1
Project("{8BC9CEB8-8B4A-11D0-8D11-00A0C91BC942}") = "Question1", "Question1\Question1.vcxproj", "{0F7B82BB-213E-423F-9FEE-6CA9AF3F2EFC}"
EndProject
Global
	GlobalSection(SolutionConfigurationPlatforms) = preSolution
		Debug|x64 = Debug|x64
		Debug|x86 = Debug|x86
		Release|x64 = Release|x64
		Release|x86 = Release|x86
	EndGlobalSection
	GlobalSection(ProjectConfigurationPlatforms) = postSolution
		{0F7B82BB-213E-423F-9FEE-6CA9AF3F2EFC}.Debug|x64.ActiveCfg = Debug|x64
		{0F7B82BB-213E-423F-9FEE-6CA9AF3F2EFC}.Debug|x64.Build.0 = Debug|x64
		{0F7B82BB-213E-423F-9FEE-6CA9AF3F2EFC}.Debug|x86.ActiveCfg = Debug|Win32
		{0F7B82BB-213E-423F-9FEE-6CA9AF3F2EFC}.Debug|x86.Build.0 = Debug|Win32
		{0F7B82BB-213E-423F-9FEE-6CA9AF3F2EFC}.Release|x64.ActiveCfg = Release|x64
		{0F7B82BB-213E-423F-9FEE-6CA9AF3F2EFC}.Release|x64.Build.0 = Release|x64
		{0F7B82BB-213E-423F-9FEE-6CA9AF3F2EFC}.Release|x86.ActiveCfg = Release|Win32
		{0F7B82BB-213E-423F-9FEE-6CA9AF3F2EFC}.Release|x86.Build.0 = Release|Win32
	EndGlobalSection
	GlobalSection(SolutionProperties) = preSolution
		HideSolutionNode = FALSE
	EndGlobalSection
	GlobalSection(ExtensibilityGlobals) = postSolution
		SolutionGuid = {6B24F2BB-16C5-4E4E-8EDA-C9516F4CF20B}
	EndGlobalSection
EndGlobal
